
Microsoft Visual Studio Solution File, Format Version 12.00
# Visual Studio Version 17
VisualStudioVersion = 17.14.36414.22 d17.14
MinimumVisualStudioVersion = 10.0.40219.1
Project("{FAE04EC0-301F-11D3-BF4B-00C04F79EFBC}") = "postgres-net-minimal-api", "postgres-net-minimal-api\postgres-net-minimal-api.csproj", "{ABB339D3-4237-4F27-AD8F-B663DC6E030E}"
EndProject
Global
	GlobalSection(SolutionConfigurationPlatforms) = preSolution
		Debug|Any CPU = Debug|Any CPU
		Release|Any CPU = Release|Any CPU
	EndGlobalSection
	GlobalSection(ProjectConfigurationPlatforms) = postSolution
		{ABB339D3-4237-4F27-AD8F-B663DC6E030E}.Debug|Any CPU.ActiveCfg = Debug|Any CPU
		{ABB339D3-4237-4F27-AD8F-B663DC6E030E}.Debug|Any CPU.Build.0 = Debug|Any CPU
		{ABB339D3-4237-4F27-AD8F-B663DC6E030E}.Release|Any CPU.ActiveCfg = Release|Any CPU
		{ABB339D3-4237-4F27-AD8F-B663DC6E030E}.Release|Any CPU.Build.0 = Release|Any CPU
	EndGlobalSection
	GlobalSection(SolutionProperties) = preSolution
		HideSolutionNode = FALSE
	EndGlobalSection
	GlobalSection(ExtensibilityGlobals) = postSolution
		SolutionGuid = {AD9B7556-A32F-42F8-B18B-C2898E39F3F2}
	EndGlobalSection
EndGlobal
